// !$*UTF8*$!
{
	archiveVersion = 1;
	classes = {
	};
	objectVersion = 48;
	objects = {

/* Begin PBXBuildFile section */
		7A3D1F6E1F0484E200E1AD1F /* SpaceShip.swift in Sources */ = {isa = PBXBuildFile; fileRef = 7A3D1F6D1F0484E200E1AD1F /* SpaceShip.swift */; };
		7A9045871F048056009F8B58 /* AppDelegate.swift in Sources */ = {isa = PBXBuildFile; fileRef = 7A9045861F048056009F8B58 /* AppDelegate.swift */; };
		7A9045891F048056009F8B58 /* ViewController.swift in Sources */ = {isa = PBXBuildFile; fileRef = 7A9045881F048056009F8B58 /* ViewController.swift */; };
		7A90458C1F048056009F8B58 /* Main.storyboard in Resources */ = {isa = PBXBuildFile; fileRef = 7A90458A1F048056009F8B58 /* Main.storyboard */; };
		7A90458F1F048056009F8B58 /* SwayAR.xcdatamodeld in Sources */ = {isa = PBXBuildFile; fileRef = 7A90458D1F048056009F8B58 /* SwayAR.xcdatamodeld */; };
		7A9045911F048056009F8B58 /* Assets.xcassets in Resources */ = {isa = PBXBuildFile; fileRef = 7A9045901F048056009F8B58 /* Assets.xcassets */; };
		7A9045941F048056009F8B58 /* LaunchScreen.storyboard in Resources */ = {isa = PBXBuildFile; fileRef = 7A9045921F048056009F8B58 /* LaunchScreen.storyboard */; };
		7A90459C1F048444009F8B58 /* art.scnassets in Resources */ = {isa = PBXBuildFile; fileRef = 7A90459B1F048444009F8B58 /* art.scnassets */; };
/* End PBXBuildFile section */

/* Begin PBXFileReference section */
		7A3D1F6D1F0484E200E1AD1F /* SpaceShip.swift */ = {isa = PBXFileReference; lastKnownFileType = sourcecode.swift; path = SpaceShip.swift; sourceTree = "<group>"; };
		7A9045831F048056009F8B58 /* SwayAR.app */ = {isa = PBXFileReference; explicitFileType = wrapper.application; includeInIndex = 0; path = SwayAR.app; sourceTree = BUILT_PRODUCTS_DIR; };
		7A9045861F048056009F8B58 /* AppDelegate.swift */ = {isa = PBXFileReference; lastKnownFileType = sourcecode.swift; path = AppDelegate.swift; sourceTree = "<group>"; };
		7A9045881F048056009F8B58 /* ViewController.swift */ = {isa = PBXFileReference; lastKnownFileType = sourcecode.swift; path = ViewController.swift; sourceTree = "<group>"; };
		7A90458B1F048056009F8B58 /* Base */ = {isa = PBXFileReference; lastKnownFileType = file.storyboard; name = Base; path = Base.lproj/Main.storyboard; sourceTree = "<group>"; };
		7A90458E1F048056009F8B58 /* SwayAR.xcdatamodel */ = {isa = PBXFileReference; lastKnownFileType = wrapper.xcdatamodel; path = SwayAR.xcdatamodel; sourceTree = "<group>"; };
		7A9045901F048056009F8B58 /* Assets.xcassets */ = {isa = PBXFileReference; lastKnownFileType = folder.assetcatalog; path = Assets.xcassets; sourceTree = "<group>"; };
		7A9045931F048056009F8B58 /* Base */ = {isa = PBXFileReference; lastKnownFileType = file.storyboard; name = Base; path = Base.lproj/LaunchScreen.storyboard; sourceTree = "<group>"; };
		7A9045951F048056009F8B58 /* Info.plist */ = {isa = PBXFileReference; lastKnownFileType = text.plist.xml; path = Info.plist; sourceTree = "<group>"; };
		7A90459B1F048444009F8B58 /* art.scnassets */ = {isa = PBXFileReference; lastKnownFileType = wrapper.scnassets; name = art.scnassets; path = ../../../../Dropbox/art.scnassets; sourceTree = "<group>"; };
/* End PBXFileReference section */

/* Begin PBXFrameworksBuildPhase section */
		7A9045801F048056009F8B58 /* Frameworks */ = {
			isa = PBXFrameworksBuildPhase;
			buildActionMask = 2147483647;
			files = (
			);
			runOnlyForDeploymentPostprocessing = 0;
		};
/* End PBXFrameworksBuildPhase section */

/* Begin PBXGroup section */
		7A90457A1F048056009F8B58 = {
			isa = PBXGroup;
			children = (
				7A9045851F048056009F8B58 /* SwayAR */,
				7A9045841F048056009F8B58 /* Products */,
			);
			sourceTree = "<group>";
		};
		7A9045841F048056009F8B58 /* Products */ = {
			isa = PBXGroup;
			children = (
				7A9045831F048056009F8B58 /* SwayAR.app */,
			);
			name = Products;
			sourceTree = "<group>";
		};
		7A9045851F048056009F8B58 /* SwayAR */ = {
			isa = PBXGroup;
			children = (
				7A9045861F048056009F8B58 /* AppDelegate.swift */,
				7A9045881F048056009F8B58 /* ViewController.swift */,
				7A3D1F6D1F0484E200E1AD1F /* SpaceShip.swift */,
				7A90458A1F048056009F8B58 /* Main.storyboard */,
				7A9045901F048056009F8B58 /* Assets.xcassets */,
				7A90459B1F048444009F8B58 /* art.scnassets */,
				7A9045921F048056009F8B58 /* LaunchScreen.storyboard */,
				7A9045951F048056009F8B58 /* Info.plist */,
				7A90458D1F048056009F8B58 /* SwayAR.xcdatamodeld */,
			);
			path = SwayAR;
			sourceTree = "<group>";
		};
/* End PBXGroup section */

/* Begin PBXNativeTarget section */
		7A9045821F048056009F8B58 /* SwayAR */ = {
			isa = PBXNativeTarget;
			buildConfigurationList = 7A9045981F048056009F8B58 /* Build configuration list for PBXNativeTarget "SwayAR" */;
			buildPhases = (
				7A90457F1F048056009F8B58 /* Sources */,
				7A9045801F048056009F8B58 /* Frameworks */,
				7A9045811F048056009F8B58 /* Resources */,
			);
			buildRules = (
			);
			dependencies = (
			);
			name = SwayAR;
			productName = SwayAR;
			productReference = 7A9045831F048056009F8B58 /* SwayAR.app */;
			productType = "com.apple.product-type.application";
		};
/* End PBXNativeTarget section */

/* Begin PBXProject section */
		7A90457B1F048056009F8B58 /* Project object */ = {
			isa = PBXProject;
			attributes = {
				LastSwiftUpdateCheck = 0900;
				LastUpgradeCheck = 0900;
				ORGANIZATIONNAME = easeapp;
				TargetAttributes = {
					7A9045821F048056009F8B58 = {
						CreatedOnToolsVersion = 9.0;
					};
				};
			};
			buildConfigurationList = 7A90457E1F048056009F8B58 /* Build configuration list for PBXProject "SwayAR" */;
			compatibilityVersion = "Xcode 8.0";
			developmentRegion = en;
			hasScannedForEncodings = 0;
			knownRegions = (
				en,
				Base,
			);
			mainGroup = 7A90457A1F048056009F8B58;
			productRefGroup = 7A9045841F048056009F8B58 /* Products */;
			projectDirPath = "";
			projectRoot = "";
			targets = (
				7A9045821F048056009F8B58 /* SwayAR */,
			);
		};
/* End PBXProject section */

/* Begin PBXResourcesBuildPhase section */
		7A9045811F048056009F8B58 /* Resources */ = {
			isa = PBXResourcesBuildPhase;
			buildActionMask = 2147483647;
			files = (
				7A9045941F048056009F8B58 /* LaunchScreen.storyboard in Resources */,
				7A90459C1F048444009F8B58 /* art.scnassets in Resources */,
				7A9045911F048056009F8B58 /* Assets.xcassets in Resources */,
				7A90458C1F048056009F8B58 /* Main.storyboard in Resources */,
			);
			runOnlyForDeploymentPostprocessing = 0;
		};
/* End PBXResourcesBuildPhase section */

/* Begin PBXSourcesBuildPhase section */
		7A90457F1F048056009F8B58 /* Sources */ = {
			isa = PBXSourcesBuildPhase;
			buildActionMask = 2147483647;
			files = (
				7A9045891F048056009F8B58 /* ViewController.swift in Sources */,
				7A9045871F048056009F8B58 /* AppDelegate.swift in Sources */,
				7A3D1F6E1F0484E200E1AD1F /* SpaceShip.swift in Sources */,
				7A90458F1F048056009F8B58 /* SwayAR.xcdatamodeld in Sources */,
			);
			runOnlyForDeploymentPostprocessing = 0;
		};
/* End PBXSourcesBuildPhase section */

/* Begin PBXVariantGroup section */
		7A90458A1F048056009F8B58 /* Main.storyboard */ = {
			isa = PBXVariantGroup;
			children = (
				7A90458B1F048056009F8B58 /* Base */,
			);
			name = Main.storyboard;
			sourceTree = "<group>";
		};
		7A9045921F048056009F8B58 /* LaunchScreen.storyboard */ = {
			isa = PBXVariantGroup;
			children = (
				7A9045931F048056009F8B58 /* Base */,
			);
			name = LaunchScreen.storyboard;
			sourceTree = "<group>";
		};
/* End PBXVariantGroup section */

/* Begin XCBuildConfiguration section */
		7A9045961F048056009F8B58 /* Debug */ = {
			isa = XCBuildConfiguration;
			buildSettings = {
				ALWAYS_SEARCH_USER_PATHS = NO;
				CLANG_ANALYZER_NONNULL = YES;
				CLANG_ANALYZER_NUMBER_OBJECT_CONVERSION = YES_AGGRESSIVE;
				CLANG_CXX_LANGUAGE_STANDARD = "gnu++14";
				CLANG_CXX_LIBRARY = "libc++";
				CLANG_ENABLE_MODULES = YES;
				CLANG_ENABLE_OBJC_ARC = YES;
				CLANG_WARN_BLOCK_CAPTURE_AUTORELEASING = YES;
				CLANG_WARN_BOOL_CONVERSION = YES;
				CLANG_WARN_COMMA = YES;
				CLANG_WARN_CONSTANT_CONVERSION = YES;
				CLANG_WARN_DIRECT_OBJC_ISA_USAGE = YES_ERROR;
				CLANG_WARN_DOCUMENTATION_COMMENTS = YES;
				CLANG_WARN_EMPTY_BODY = YES;
				CLANG_WARN_ENUM_CONVERSION = YES;
				CLANG_WARN_INFINITE_RECURSION = YES;
				CLANG_WARN_INT_CONVERSION = YES;
				CLANG_WARN_OBJC_ROOT_CLASS = YES_ERROR;
				CLANG_WARN_RANGE_LOOP_ANALYSIS = YES;
				CLANG_WARN_STRICT_PROTOTYPES = YES;
				CLANG_WARN_SUSPICIOUS_MOVE = YES;
				CLANG_WARN_UNGUARDED_AVAILABILITY = YES_AGGRESSIVE;
				CLANG_WARN_UNREACHABLE_CODE = YES;
				CLANG_WARN__DUPLICATE_METHOD_MATCH = YES;
				CODE_SIGN_IDENTITY = "iPhone Developer";
				COPY_PHASE_STRIP = NO;
				DEBUG_INFORMATION_FORMAT = dwarf;
				ENABLE_STRICT_OBJC_MSGSEND = YES;
				ENABLE_TESTABILITY = YES;
				GCC_C_LANGUAGE_STANDARD = gnu11;
				GCC_DYNAMIC_NO_PIC = NO;
				GCC_NO_COMMON_BLOCKS = YES;
				GCC_OPTIMIZATION_LEVEL = 0;
				GCC_PREPROCESSOR_DEFINITIONS = (
					"DEBUG=1",
					"$(inherited)",
				);
				GCC_WARN_64_TO_32_BIT_CONVERSION = YES;
				GCC_WARN_ABOUT_RETURN_TYPE = YES_ERROR;
				GCC_WARN_UNDECLARED_SELECTOR = YES;
				GCC_WARN_UNINITIALIZED_AUTOS = YES_AGGRESSIVE;
				GCC_WARN_UNUSED_FUNCTION = YES;
				GCC_WARN_UNUSED_VARIABLE = YES;
				IPHONEOS_DEPLOYMENT_TARGET = 11.0;
				MTL_ENABLE_DEBUG_INFO = YES;
				ONLY_ACTIVE_ARCH = YES;
				SDKROOT = iphoneos;
				SWIFT_ACTIVE_COMPILATION_CONDITIONS = DEBUG;
				SWIFT_OPTIMIZATION_LEVEL = "-Onone";
			};
			name = Debug;
		};
		7A9045971F048056009F8B58 /* Release */ = {
			isa = XCBuildConfiguration;
			buildSettings = {
				ALWAYS_SEARCH_USER_PATHS = NO;
				CLANG_ANALYZER_NONNULL = YES;
				CLANG_ANALYZER_NUMBER_OBJECT_CONVERSION = YES_AGGRESSIVE;
				CLANG_CXX_LANGUAGE_STANDARD = "gnu++14";
				CLANG_CXX_LIBRARY = "libc++";
				CLANG_ENABLE_MODULES = YES;
				CLANG_ENABLE_OBJC_ARC = YES;
				CLANG_WARN_BLOCK_CAPTURE_AUTORELEASING = YES;
				CLANG_WARN_BOOL_CONVERSION = YES;
				CLANG_WARN_COMMA = YES;
				CLANG_WARN_CONSTANT_CONVERSION = YES;
				CLANG_WARN_DIRECT_OBJC_ISA_USAGE = YES_ERROR;
				CLANG_WARN_DOCUMENTATION_COMMENTS = YES;
				CLANG_WARN_EMPTY_BODY = YES;
				CLANG_WARN_ENUM_CONVERSION = YES;
				CLANG_WARN_INFINITE_RECURSION = YES;
				CLANG_WARN_INT_CONVERSION = YES;
				CLANG_WARN_OBJC_ROOT_CLASS = YES_ERROR;
				CLANG_WARN_RANGE_LOOP_ANALYSIS = YES;
				CLANG_WARN_STRICT_PROTOTYPES = YES;
				CLANG_WARN_SUSPICIOUS_MOVE = YES;
				CLANG_WARN_UNGUARDED_AVAILABILITY = YES_AGGRESSIVE;
				CLANG_WARN_UNREACHABLE_CODE = YES;
				CLANG_WARN__DUPLICATE_METHOD_MATCH = YES;
				CODE_SIGN_IDENTITY = "iPhone Developer";
				COPY_PHASE_STRIP = NO;
				DEBUG_INFORMATION_FORMAT = "dwarf-with-dsym";
				ENABLE_NS_ASSERTIONS = NO;
				ENABLE_STRICT_OBJC_MSGSEND = YES;
				GCC_C_LANGUAGE_STANDARD = gnu11;
				GCC_NO_COMMON_BLOCKS = YES;
				GCC_WARN_64_TO_32_BIT_CONVERSION = YES;
				GCC_WARN_ABOUT_RETURN_TYPE = YES_ERROR;
				GCC_WARN_UNDECLARED_SELECTOR = YES;
				GCC_WARN_UNINITIALIZED_AUTOS = YES_AGGRESSIVE;
				GCC_WARN_UNUSED_FUNCTION = YES;
				GCC_WARN_UNUSED_VARIABLE = YES;
				IPHONEOS_DEPLOYMENT_TARGET = 11.0;
				MTL_ENABLE_DEBUG_INFO = NO;
				SDKROOT = iphoneos;
				SWIFT_OPTIMIZATION_LEVEL = "-Owholemodule";
				VALIDATE_PRODUCT = YES;
			};
			name = Release;
		};
		7A9045991F048056009F8B58 /* Debug */ = {
			isa = XCBuildConfiguration;
			buildSettings = {
				ASSETCATALOG_COMPILER_APPICON_NAME = AppIcon;
				DEVELOPMENT_TEAM = W69VD9Y538;
				INFOPLIST_FILE = SwayAR/Info.plist;
				LD_RUNPATH_SEARCH_PATHS = "$(inherited) @executable_path/Frameworks";
				PRODUCT_BUNDLE_IDENTIFIER = com.easeapp.SwayAR;
				PRODUCT_NAME = "$(TARGET_NAME)";
				SWIFT_VERSION = 4.0;
				TARGETED_DEVICE_FAMILY = "1,2";
			};
			name = Debug;
		};
		7A90459A1F048056009F8B58 /* Release */ = {
			isa = XCBuildConfiguration;
			buildSettings = {
				ASSETCATALOG_COMPILER_APPICON_NAME = AppIcon;
				DEVELOPMENT_TEAM = W69VD9Y538;
				INFOPLIST_FILE = SwayAR/Info.plist;
				LD_RUNPATH_SEARCH_PATHS = "$(inherited) @executable_path/Frameworks";
				PRODUCT_BUNDLE_IDENTIFIER = com.easeapp.SwayAR;
				PRODUCT_NAME = "$(TARGET_NAME)";
				SWIFT_VERSION = 4.0;
				TARGETED_DEVICE_FAMILY = "1,2";
			};
			name = Release;
		};
/* End XCBuildConfiguration section */

/* Begin XCConfigurationList section */
		7A90457E1F048056009F8B58 /* Build configuration list for PBXProject "SwayAR" */ = {
			isa = XCConfigurationList;
			buildConfigurations = (
				7A9045961F048056009F8B58 /* Debug */,
				7A9045971F048056009F8B58 /* Release */,
			);
			defaultConfigurationIsVisible = 0;
			defaultConfigurationName = Release;
		};
		7A9045981F048056009F8B58 /* Build configuration list for PBXNativeTarget "SwayAR" */ = {
			isa = XCConfigurationList;
			buildConfigurations = (
				7A9045991F048056009F8B58 /* Debug */,
				7A90459A1F048056009F8B58 /* Release */,
			);
			defaultConfigurationIsVisible = 0;
			defaultConfigurationName = Release;
		};
/* End XCConfigurationList section */

/* Begin XCVersionGroup section */
		7A90458D1F048056009F8B58 /* SwayAR.xcdatamodeld */ = {
			isa = XCVersionGroup;
			children = (
				7A90458E1F048056009F8B58 /* SwayAR.xcdatamodel */,
			);
			currentVersion = 7A90458E1F048056009F8B58 /* SwayAR.xcdatamodel */;
			path = SwayAR.xcdatamodeld;
			sourceTree = "<group>";
			versionGroupType = wrapper.xcdatamodel;
		};
/* End XCVersionGroup section */
	};
	rootObject = 7A90457B1F048056009F8B58 /* Project object */;
}
